
Microsoft Visual Studio Solution File, Format Version 12.00
# Visual Studio Version 17
VisualStudioVersion = 17.14.36109.1 d17.14
MinimumVisualStudioVersion = 10.0.40219.1
Project("{FAE04EC0-301F-11D3-BF4B-00C04F79EFBC}") = "PROJECT", "PROJECT.csproj", "{26280A31-0337-41D5-BA2A-2DF53D8FA528}"
EndProject
Global
	GlobalSection(SolutionConfigurationPlatforms) = preSolution
		Debug|Any CPU = Debug|Any CPU
		Release|Any CPU = Release|Any CPU
	EndGlobalSection
	GlobalSection(ProjectConfigurationPlatforms) = postSolution
		{26280A31-0337-41D5-BA2A-2DF53D8FA528}.Debug|Any CPU.ActiveCfg = Debug|Any CPU
		{26280A31-0337-41D5-BA2A-2DF53D8FA528}.Debug|Any CPU.Build.0 = Debug|Any CPU
		{26280A31-0337-41D5-BA2A-2DF53D8FA528}.Release|Any CPU.ActiveCfg = Release|Any CPU
		{26280A31-0337-41D5-BA2A-2DF53D8FA528}.Release|Any CPU.Build.0 = Release|Any CPU
	EndGlobalSection
	GlobalSection(SolutionProperties) = preSolution
		HideSolutionNode = FALSE
	EndGlobalSection
	GlobalSection(ExtensibilityGlobals) = postSolution
		SolutionGuid = {493EE787-C12C-44EB-85FC-48F10C39B1AF}
	EndGlobalSection
EndGlobal
